
Microsoft Visual Studio Solution File, Format Version 12.00
Project("{2150E333-8FDC-42A3-9474-1A3956D46DE8}") = "GameSystem", "GameSystem", "{2B550530-C528-4A0C-AB2D-FAEE8ED5B2F5}"
ProjectSection(SolutionItems) = preProject
	README.md = README.md
EndProjectSection
EndProject
Project("{FAE04EC0-301F-11D3-BF4B-00C04F79EFBC}") = "ResourceMonitor", "ResourceMonitor\ResourceMonitor.csproj", "{168BDA9E-5FB6-4C83-951B-F4D02F988D39}"
EndProject
Project("{FAE04EC0-301F-11D3-BF4B-00C04F79EFBC}") = "Core.Common", "Core.Common\Core.Common.csproj", "{54A85B40-58CF-4489-A760-7CE912C9C362}"
EndProject
Project("{FAE04EC0-301F-11D3-BF4B-00C04F79EFBC}") = "Core.Common.Tests", "Core.Common.Tests\Core.Common.Tests.csproj", "{8039F495-22C2-4C45-A452-20387AB26D7F}"
EndProject
Project("{9A19103F-16F7-4668-BE54-9A1E7A4F7556}") = "BuildPipeline", "BuildPipeline\BuildPipeline.csproj", "{03FE412A-A229-4DA8-8ED8-BB92CE6B0CF0}"
EndProject
Project("{FAE04EC0-301F-11D3-BF4B-00C04F79EFBC}") = "Core.Client.ConsoleClient", "Core.Client.ConsoleClient\Core.Client.ConsoleClient.csproj", "{1D13A7CB-3D4D-465D-83C5-6CAC8FE38689}"
EndProject
Project("{FAE04EC0-301F-11D3-BF4B-00C04F79EFBC}") = "Clicker.Common", "Clicker.Common\Clicker.Common.csproj", "{704AE2C4-5700-41C0-9C02-1C7799BB6AAE}"
EndProject
Project("{FAE04EC0-301F-11D3-BF4B-00C04F79EFBC}") = "Clicker.Tests", "Clicker.Tests\Clicker.Tests.csproj", "{B3D7A5FD-4E38-4BBD-9CA4-3F49A4E4A487}"
EndProject
Project("{FAE04EC0-301F-11D3-BF4B-00C04F79EFBC}") = "Clicker.ConsoleClient", "Clicker.ConsoleClient\Clicker.ConsoleClient.csproj", "{EA988DDE-C17F-47E0-9DA7-8DF97341DE5B}"
EndProject
Project("{FAE04EC0-301F-11D3-BF4B-00C04F79EFBC}") = "Core.Client", "Core.Client\Core.Client.csproj", "{96E32A8D-2348-4463-B9DA-9CFCF9F8E0D3}"
EndProject
Project("{FAE04EC0-301F-11D3-BF4B-00C04F79EFBC}") = "Core.Service", "Core.Service\Core.Service.csproj", "{3A4B65A5-B065-4A37-A691-7FCD04C83E6A}"
EndProject
Project("{FAE04EC0-301F-11D3-BF4B-00C04F79EFBC}") = "Core.Service.Tests", "Core.Service.Tests\Core.Service.Tests.csproj", "{0C52CED9-A378-48AA-B9C4-C84189C65073}"
EndProject
Project("{FAE04EC0-301F-11D3-BF4B-00C04F79EFBC}") = "Clicker.WebService", "Clicker.WebService\Clicker.WebService.csproj", "{06068B29-CFD3-4A44-8121-03B462ABE4A7}"
EndProject
Project("{FAE04EC0-301F-11D3-BF4B-00C04F79EFBC}") = "Core.Client.WebClient", "Core.Client.WebClient\Core.Client.WebClient.csproj", "{6A528C3C-6E7D-46FF-8BB1-55CD145DB7E4}"
EndProject
Project("{FAE04EC0-301F-11D3-BF4B-00C04F79EFBC}") = "Core.Client.UnityClient.ExternalCompiler", "Core.Client.UnityClient.ExternalCompiler\Core.Client.UnityClient.ExternalCompiler.csproj", "{C05D74F9-B32C-4BAD-ACE1-04756F3B4603}"
EndProject
Project("{FAE04EC0-301F-11D3-BF4B-00C04F79EFBC}") = "Clicker.UnityClient", "Clicker.UnityClient\Clicker.UnityClient.csproj", "{0AD3F1EF-FC72-4953-8015-16E7B789C872}"
EndProject
Project("{FAE04EC0-301F-11D3-BF4B-00C04F79EFBC}") = "Core.Client.UnityClient.CustomBuildPipeline", "Core.Client.UnityClient.CustomBuildPipeline\Core.Client.UnityClient.CustomBuildPipeline.csproj", "{C3F6FB77-DA84-4F76-B769-B58F643DE8C3}"
EndProject
Project("{FAE04EC0-301F-11D3-BF4B-00C04F79EFBC}") = "Core.Client.UnityClient", "Core.Client.UnityClient\Core.Client.UnityClient.csproj", "{ADFB6184-B238-4D21-A342-C2B64DB94DE8}"
EndProject
Project("{FAE04EC0-301F-11D3-BF4B-00C04F79EFBC}") = "Core.Service.WebService", "Core.Service.WebService\Core.Service.WebService.csproj", "{A897C4CD-C19E-40AE-B4E5-A989337D6FF7}"
EndProject
Project("{FAE04EC0-301F-11D3-BF4B-00C04F79EFBC}") = "Prototype.LongPollingServer", "Prototype.LongPollingServer\Prototype.LongPollingServer.csproj", "{B8445669-B68D-4D9F-B478-D4C5E6EACD97}"
EndProject
Project("{FAE04EC0-301F-11D3-BF4B-00C04F79EFBC}") = "Idler.Common", "Idler.Common\Idler.Common.csproj", "{8E5F639E-C789-4035-A88B-FBA102F9FBB4}"
EndProject
Project("{FAE04EC0-301F-11D3-BF4B-00C04F79EFBC}") = "Idler.WebService", "Idler.WebService\Idler.WebService.csproj", "{12A8C359-1E9E-4859-804A-DC17377BBFF9}"
EndProject
Project("{FAE04EC0-301F-11D3-BF4B-00C04F79EFBC}") = "Idler.Tests", "Idler.Tests\Idler.Tests.csproj", "{0E69B743-3C49-48A2-AE4C-0096F170BD11}"
EndProject
Project("{FAE04EC0-301F-11D3-BF4B-00C04F79EFBC}") = "Core.TestTools", "Core.TestTools\Core.TestTools.csproj", "{79554888-5EAB-4AF6-A4FA-B721FE4AB3B9}"
EndProject
Project("{FAE04EC0-301F-11D3-BF4B-00C04F79EFBC}") = "Idler.UnityClient", "Idler.UnityClient\Idler.UnityClient.csproj", "{767EEE32-68AB-4EAC-A650-C17ECDFFAF77}"
EndProject
Project("{FAE04EC0-301F-11D3-BF4B-00C04F79EFBC}") = "Idler.ConsoleClient", "Idler.ConsoleClient\Idler.ConsoleClient.csproj", "{9BC8B9D1-572C-40EC-9D47-16C8B833F144}"
EndProject
Global
	GlobalSection(SolutionConfigurationPlatforms) = preSolution
		Debug|Any CPU = Debug|Any CPU
		Release|Any CPU = Release|Any CPU
	EndGlobalSection
	GlobalSection(ProjectConfigurationPlatforms) = postSolution
		{03FE412A-A229-4DA8-8ED8-BB92CE6B0CF0}.Debug|Any CPU.ActiveCfg = Debug|Any CPU
		{03FE412A-A229-4DA8-8ED8-BB92CE6B0CF0}.Release|Any CPU.ActiveCfg = Release|Any CPU
		{168BDA9E-5FB6-4C83-951B-F4D02F988D39}.Debug|Any CPU.ActiveCfg = Debug|Any CPU
		{168BDA9E-5FB6-4C83-951B-F4D02F988D39}.Debug|Any CPU.Build.0 = Debug|Any CPU
		{168BDA9E-5FB6-4C83-951B-F4D02F988D39}.Release|Any CPU.ActiveCfg = Release|Any CPU
		{168BDA9E-5FB6-4C83-951B-F4D02F988D39}.Release|Any CPU.Build.0 = Release|Any CPU
		{54A85B40-58CF-4489-A760-7CE912C9C362}.Debug|Any CPU.ActiveCfg = Debug|Any CPU
		{54A85B40-58CF-4489-A760-7CE912C9C362}.Debug|Any CPU.Build.0 = Debug|Any CPU
		{54A85B40-58CF-4489-A760-7CE912C9C362}.Release|Any CPU.ActiveCfg = Release|Any CPU
		{54A85B40-58CF-4489-A760-7CE912C9C362}.Release|Any CPU.Build.0 = Release|Any CPU
		{8039F495-22C2-4C45-A452-20387AB26D7F}.Debug|Any CPU.ActiveCfg = Debug|Any CPU
		{8039F495-22C2-4C45-A452-20387AB26D7F}.Debug|Any CPU.Build.0 = Debug|Any CPU
		{8039F495-22C2-4C45-A452-20387AB26D7F}.Release|Any CPU.ActiveCfg = Release|Any CPU
		{8039F495-22C2-4C45-A452-20387AB26D7F}.Release|Any CPU.Build.0 = Release|Any CPU
		{1D13A7CB-3D4D-465D-83C5-6CAC8FE38689}.Debug|Any CPU.ActiveCfg = Debug|Any CPU
		{1D13A7CB-3D4D-465D-83C5-6CAC8FE38689}.Debug|Any CPU.Build.0 = Debug|Any CPU
		{1D13A7CB-3D4D-465D-83C5-6CAC8FE38689}.Release|Any CPU.ActiveCfg = Release|Any CPU
		{1D13A7CB-3D4D-465D-83C5-6CAC8FE38689}.Release|Any CPU.Build.0 = Release|Any CPU
		{704AE2C4-5700-41C0-9C02-1C7799BB6AAE}.Debug|Any CPU.ActiveCfg = Debug|Any CPU
		{704AE2C4-5700-41C0-9C02-1C7799BB6AAE}.Debug|Any CPU.Build.0 = Debug|Any CPU
		{704AE2C4-5700-41C0-9C02-1C7799BB6AAE}.Release|Any CPU.ActiveCfg = Release|Any CPU
		{704AE2C4-5700-41C0-9C02-1C7799BB6AAE}.Release|Any CPU.Build.0 = Release|Any CPU
		{B3D7A5FD-4E38-4BBD-9CA4-3F49A4E4A487}.Debug|Any CPU.ActiveCfg = Debug|Any CPU
		{B3D7A5FD-4E38-4BBD-9CA4-3F49A4E4A487}.Debug|Any CPU.Build.0 = Debug|Any CPU
		{B3D7A5FD-4E38-4BBD-9CA4-3F49A4E4A487}.Release|Any CPU.ActiveCfg = Release|Any CPU
		{B3D7A5FD-4E38-4BBD-9CA4-3F49A4E4A487}.Release|Any CPU.Build.0 = Release|Any CPU
		{EA988DDE-C17F-47E0-9DA7-8DF97341DE5B}.Debug|Any CPU.ActiveCfg = Debug|Any CPU
		{EA988DDE-C17F-47E0-9DA7-8DF97341DE5B}.Debug|Any CPU.Build.0 = Debug|Any CPU
		{EA988DDE-C17F-47E0-9DA7-8DF97341DE5B}.Release|Any CPU.ActiveCfg = Release|Any CPU
		{EA988DDE-C17F-47E0-9DA7-8DF97341DE5B}.Release|Any CPU.Build.0 = Release|Any CPU
		{96E32A8D-2348-4463-B9DA-9CFCF9F8E0D3}.Debug|Any CPU.ActiveCfg = Debug|Any CPU
		{96E32A8D-2348-4463-B9DA-9CFCF9F8E0D3}.Debug|Any CPU.Build.0 = Debug|Any CPU
		{96E32A8D-2348-4463-B9DA-9CFCF9F8E0D3}.Release|Any CPU.ActiveCfg = Release|Any CPU
		{96E32A8D-2348-4463-B9DA-9CFCF9F8E0D3}.Release|Any CPU.Build.0 = Release|Any CPU
		{3A4B65A5-B065-4A37-A691-7FCD04C83E6A}.Debug|Any CPU.ActiveCfg = Debug|Any CPU
		{3A4B65A5-B065-4A37-A691-7FCD04C83E6A}.Debug|Any CPU.Build.0 = Debug|Any CPU
		{3A4B65A5-B065-4A37-A691-7FCD04C83E6A}.Release|Any CPU.ActiveCfg = Release|Any CPU
		{3A4B65A5-B065-4A37-A691-7FCD04C83E6A}.Release|Any CPU.Build.0 = Release|Any CPU
		{0C52CED9-A378-48AA-B9C4-C84189C65073}.Debug|Any CPU.ActiveCfg = Debug|Any CPU
		{0C52CED9-A378-48AA-B9C4-C84189C65073}.Debug|Any CPU.Build.0 = Debug|Any CPU
		{0C52CED9-A378-48AA-B9C4-C84189C65073}.Release|Any CPU.ActiveCfg = Release|Any CPU
		{0C52CED9-A378-48AA-B9C4-C84189C65073}.Release|Any CPU.Build.0 = Release|Any CPU
		{06068B29-CFD3-4A44-8121-03B462ABE4A7}.Debug|Any CPU.ActiveCfg = Debug|Any CPU
		{06068B29-CFD3-4A44-8121-03B462ABE4A7}.Debug|Any CPU.Build.0 = Debug|Any CPU
		{06068B29-CFD3-4A44-8121-03B462ABE4A7}.Release|Any CPU.ActiveCfg = Release|Any CPU
		{06068B29-CFD3-4A44-8121-03B462ABE4A7}.Release|Any CPU.Build.0 = Release|Any CPU
		{6A528C3C-6E7D-46FF-8BB1-55CD145DB7E4}.Debug|Any CPU.ActiveCfg = Debug|Any CPU
		{6A528C3C-6E7D-46FF-8BB1-55CD145DB7E4}.Debug|Any CPU.Build.0 = Debug|Any CPU
		{6A528C3C-6E7D-46FF-8BB1-55CD145DB7E4}.Release|Any CPU.ActiveCfg = Release|Any CPU
		{6A528C3C-6E7D-46FF-8BB1-55CD145DB7E4}.Release|Any CPU.Build.0 = Release|Any CPU
		{C05D74F9-B32C-4BAD-ACE1-04756F3B4603}.Debug|Any CPU.ActiveCfg = Debug|Any CPU
		{C05D74F9-B32C-4BAD-ACE1-04756F3B4603}.Debug|Any CPU.Build.0 = Debug|Any CPU
		{C05D74F9-B32C-4BAD-ACE1-04756F3B4603}.Release|Any CPU.ActiveCfg = Release|Any CPU
		{C05D74F9-B32C-4BAD-ACE1-04756F3B4603}.Release|Any CPU.Build.0 = Release|Any CPU
		{0AD3F1EF-FC72-4953-8015-16E7B789C872}.Debug|Any CPU.ActiveCfg = Debug|Any CPU
		{0AD3F1EF-FC72-4953-8015-16E7B789C872}.Debug|Any CPU.Build.0 = Debug|Any CPU
		{0AD3F1EF-FC72-4953-8015-16E7B789C872}.Release|Any CPU.ActiveCfg = Release|Any CPU
		{0AD3F1EF-FC72-4953-8015-16E7B789C872}.Release|Any CPU.Build.0 = Release|Any CPU
		{C3F6FB77-DA84-4F76-B769-B58F643DE8C3}.Debug|Any CPU.ActiveCfg = Debug|Any CPU
		{C3F6FB77-DA84-4F76-B769-B58F643DE8C3}.Debug|Any CPU.Build.0 = Debug|Any CPU
		{C3F6FB77-DA84-4F76-B769-B58F643DE8C3}.Release|Any CPU.ActiveCfg = Release|Any CPU
		{C3F6FB77-DA84-4F76-B769-B58F643DE8C3}.Release|Any CPU.Build.0 = Release|Any CPU
		{ADFB6184-B238-4D21-A342-C2B64DB94DE8}.Debug|Any CPU.ActiveCfg = Debug|Any CPU
		{ADFB6184-B238-4D21-A342-C2B64DB94DE8}.Debug|Any CPU.Build.0 = Debug|Any CPU
		{ADFB6184-B238-4D21-A342-C2B64DB94DE8}.Release|Any CPU.ActiveCfg = Release|Any CPU
		{ADFB6184-B238-4D21-A342-C2B64DB94DE8}.Release|Any CPU.Build.0 = Release|Any CPU
		{A897C4CD-C19E-40AE-B4E5-A989337D6FF7}.Debug|Any CPU.ActiveCfg = Debug|Any CPU
		{A897C4CD-C19E-40AE-B4E5-A989337D6FF7}.Debug|Any CPU.Build.0 = Debug|Any CPU
		{A897C4CD-C19E-40AE-B4E5-A989337D6FF7}.Release|Any CPU.ActiveCfg = Release|Any CPU
		{A897C4CD-C19E-40AE-B4E5-A989337D6FF7}.Release|Any CPU.Build.0 = Release|Any CPU
		{B8445669-B68D-4D9F-B478-D4C5E6EACD97}.Debug|Any CPU.ActiveCfg = Debug|Any CPU
		{B8445669-B68D-4D9F-B478-D4C5E6EACD97}.Debug|Any CPU.Build.0 = Debug|Any CPU
		{B8445669-B68D-4D9F-B478-D4C5E6EACD97}.Release|Any CPU.ActiveCfg = Release|Any CPU
		{B8445669-B68D-4D9F-B478-D4C5E6EACD97}.Release|Any CPU.Build.0 = Release|Any CPU
		{8E5F639E-C789-4035-A88B-FBA102F9FBB4}.Debug|Any CPU.ActiveCfg = Debug|Any CPU
		{8E5F639E-C789-4035-A88B-FBA102F9FBB4}.Debug|Any CPU.Build.0 = Debug|Any CPU
		{8E5F639E-C789-4035-A88B-FBA102F9FBB4}.Release|Any CPU.ActiveCfg = Release|Any CPU
		{8E5F639E-C789-4035-A88B-FBA102F9FBB4}.Release|Any CPU.Build.0 = Release|Any CPU
		{12A8C359-1E9E-4859-804A-DC17377BBFF9}.Debug|Any CPU.ActiveCfg = Debug|Any CPU
		{12A8C359-1E9E-4859-804A-DC17377BBFF9}.Debug|Any CPU.Build.0 = Debug|Any CPU
		{12A8C359-1E9E-4859-804A-DC17377BBFF9}.Release|Any CPU.ActiveCfg = Release|Any CPU
		{12A8C359-1E9E-4859-804A-DC17377BBFF9}.Release|Any CPU.Build.0 = Release|Any CPU
		{0E69B743-3C49-48A2-AE4C-0096F170BD11}.Debug|Any CPU.ActiveCfg = Debug|Any CPU
		{0E69B743-3C49-48A2-AE4C-0096F170BD11}.Debug|Any CPU.Build.0 = Debug|Any CPU
		{0E69B743-3C49-48A2-AE4C-0096F170BD11}.Release|Any CPU.ActiveCfg = Release|Any CPU
		{0E69B743-3C49-48A2-AE4C-0096F170BD11}.Release|Any CPU.Build.0 = Release|Any CPU
		{79554888-5EAB-4AF6-A4FA-B721FE4AB3B9}.Debug|Any CPU.ActiveCfg = Debug|Any CPU
		{79554888-5EAB-4AF6-A4FA-B721FE4AB3B9}.Debug|Any CPU.Build.0 = Debug|Any CPU
		{79554888-5EAB-4AF6-A4FA-B721FE4AB3B9}.Release|Any CPU.ActiveCfg = Release|Any CPU
		{79554888-5EAB-4AF6-A4FA-B721FE4AB3B9}.Release|Any CPU.Build.0 = Release|Any CPU
		{767EEE32-68AB-4EAC-A650-C17ECDFFAF77}.Debug|Any CPU.ActiveCfg = Debug|Any CPU
		{767EEE32-68AB-4EAC-A650-C17ECDFFAF77}.Debug|Any CPU.Build.0 = Debug|Any CPU
		{767EEE32-68AB-4EAC-A650-C17ECDFFAF77}.Release|Any CPU.ActiveCfg = Release|Any CPU
		{767EEE32-68AB-4EAC-A650-C17ECDFFAF77}.Release|Any CPU.Build.0 = Release|Any CPU
		{9BC8B9D1-572C-40EC-9D47-16C8B833F144}.Debug|Any CPU.ActiveCfg = Debug|Any CPU
		{9BC8B9D1-572C-40EC-9D47-16C8B833F144}.Debug|Any CPU.Build.0 = Debug|Any CPU
		{9BC8B9D1-572C-40EC-9D47-16C8B833F144}.Release|Any CPU.ActiveCfg = Release|Any CPU
		{9BC8B9D1-572C-40EC-9D47-16C8B833F144}.Release|Any CPU.Build.0 = Release|Any CPU
	EndGlobalSection
	GlobalSection(NestedProjects) = preSolution
	EndGlobalSection
EndGlobal
